
Microsoft Visual Studio Solution File, Format Version 12.00
# Visual Studio 2012
Project("{FAE04EC0-301F-11D3-BF4B-00C04F79EFBC}") = "Hisab", "Hisab\Hisab.csproj", "{4AD49ECD-D162-4CD6-B84A-F8FE4BC0D5BB}"
EndProject
Global
	GlobalSection(SolutionConfigurationPlatforms) = preSolution
		Debug|Any CPU = Debug|Any CPU
		Release|Any CPU = Release|Any CPU
	EndGlobalSection
	GlobalSection(ProjectConfigurationPlatforms) = postSolution
		{4AD49ECD-D162-4CD6-B84A-F8FE4BC0D5BB}.Debug|Any CPU.ActiveCfg = Debug|Any CPU
		{4AD49ECD-D162-4CD6-B84A-F8FE4BC0D5BB}.Debug|Any CPU.Build.0 = Debug|Any CPU
		{4AD49ECD-D162-4CD6-B84A-F8FE4BC0D5BB}.Release|Any CPU.ActiveCfg = Release|Any CPU
		{4AD49ECD-D162-4CD6-B84A-F8FE4BC0D5BB}.Release|Any CPU.Build.0 = Release|Any CPU
	EndGlobalSection
	GlobalSection(SolutionProperties) = preSolution
		HideSolutionNode = FALSE
	EndGlobalSection
EndGlobal
